
Microsoft Visual Studio Solution File, Format Version 12.00
# Visual Studio 15
VisualStudioVersion = 15.0.26124.0
MinimumVisualStudioVersion = 15.0.26124.0
Project("{FAE04EC0-301F-11D3-BF4B-00C04F79EFBC}") = "StringCalculator.App", "StringCalculator.App\StringCalculator.App.csproj", "{515EB000-5C29-447E-85EE-50E8881E800C}"
EndProject
Project("{FAE04EC0-301F-11D3-BF4B-00C04F79EFBC}") = "StringCalculator.Library", "StringCalculator.Library\StringCalculator.Library.csproj", "{514EC502-50E6-4661-BCAD-0BE54EAEB188}"
EndProject
Global
	GlobalSection(SolutionConfigurationPlatforms) = preSolution
		Debug|Any CPU = Debug|Any CPU
		Debug|x64 = Debug|x64
		Debug|x86 = Debug|x86
		Release|Any CPU = Release|Any CPU
		Release|x64 = Release|x64
		Release|x86 = Release|x86
	EndGlobalSection
	GlobalSection(SolutionProperties) = preSolution
		HideSolutionNode = FALSE
	EndGlobalSection
	GlobalSection(ProjectConfigurationPlatforms) = postSolution
		{515EB000-5C29-447E-85EE-50E8881E800C}.Debug|Any CPU.ActiveCfg = Debug|Any CPU
		{515EB000-5C29-447E-85EE-50E8881E800C}.Debug|Any CPU.Build.0 = Debug|Any CPU
		{515EB000-5C29-447E-85EE-50E8881E800C}.Debug|x64.ActiveCfg = Debug|Any CPU
		{515EB000-5C29-447E-85EE-50E8881E800C}.Debug|x64.Build.0 = Debug|Any CPU
		{515EB000-5C29-447E-85EE-50E8881E800C}.Debug|x86.ActiveCfg = Debug|Any CPU
		{515EB000-5C29-447E-85EE-50E8881E800C}.Debug|x86.Build.0 = Debug|Any CPU
		{515EB000-5C29-447E-85EE-50E8881E800C}.Release|Any CPU.ActiveCfg = Release|Any CPU
		{515EB000-5C29-447E-85EE-50E8881E800C}.Release|Any CPU.Build.0 = Release|Any CPU
		{515EB000-5C29-447E-85EE-50E8881E800C}.Release|x64.ActiveCfg = Release|Any CPU
		{515EB000-5C29-447E-85EE-50E8881E800C}.Release|x64.Build.0 = Release|Any CPU
		{515EB000-5C29-447E-85EE-50E8881E800C}.Release|x86.ActiveCfg = Release|Any CPU
		{515EB000-5C29-447E-85EE-50E8881E800C}.Release|x86.Build.0 = Release|Any CPU
		{514EC502-50E6-4661-BCAD-0BE54EAEB188}.Debug|Any CPU.ActiveCfg = Debug|Any CPU
		{514EC502-50E6-4661-BCAD-0BE54EAEB188}.Debug|Any CPU.Build.0 = Debug|Any CPU
		{514EC502-50E6-4661-BCAD-0BE54EAEB188}.Debug|x64.ActiveCfg = Debug|Any CPU
		{514EC502-50E6-4661-BCAD-0BE54EAEB188}.Debug|x64.Build.0 = Debug|Any CPU
		{514EC502-50E6-4661-BCAD-0BE54EAEB188}.Debug|x86.ActiveCfg = Debug|Any CPU
		{514EC502-50E6-4661-BCAD-0BE54EAEB188}.Debug|x86.Build.0 = Debug|Any CPU
		{514EC502-50E6-4661-BCAD-0BE54EAEB188}.Release|Any CPU.ActiveCfg = Release|Any CPU
		{514EC502-50E6-4661-BCAD-0BE54EAEB188}.Release|Any CPU.Build.0 = Release|Any CPU
		{514EC502-50E6-4661-BCAD-0BE54EAEB188}.Release|x64.ActiveCfg = Release|Any CPU
		{514EC502-50E6-4661-BCAD-0BE54EAEB188}.Release|x64.Build.0 = Release|Any CPU
		{514EC502-50E6-4661-BCAD-0BE54EAEB188}.Release|x86.ActiveCfg = Release|Any CPU
		{514EC502-50E6-4661-BCAD-0BE54EAEB188}.Release|x86.Build.0 = Release|Any CPU
		{0B4016D2-12C3-42D2-BF6C-7B47EF61D3B7}.Debug|Any CPU.ActiveCfg = Debug|Any CPU
		{0B4016D2-12C3-42D2-BF6C-7B47EF61D3B7}.Debug|Any CPU.Build.0 = Debug|Any CPU
		{0B4016D2-12C3-42D2-BF6C-7B47EF61D3B7}.Debug|x64.ActiveCfg = Debug|Any CPU
		{0B4016D2-12C3-42D2-BF6C-7B47EF61D3B7}.Debug|x64.Build.0 = Debug|Any CPU
		{0B4016D2-12C3-42D2-BF6C-7B47EF61D3B7}.Debug|x86.ActiveCfg = Debug|Any CPU
		{0B4016D2-12C3-42D2-BF6C-7B47EF61D3B7}.Debug|x86.Build.0 = Debug|Any CPU
		{0B4016D2-12C3-42D2-BF6C-7B47EF61D3B7}.Release|Any CPU.ActiveCfg = Release|Any CPU
		{0B4016D2-12C3-42D2-BF6C-7B47EF61D3B7}.Release|Any CPU.Build.0 = Release|Any CPU
		{0B4016D2-12C3-42D2-BF6C-7B47EF61D3B7}.Release|x64.ActiveCfg = Release|Any CPU
		{0B4016D2-12C3-42D2-BF6C-7B47EF61D3B7}.Release|x64.Build.0 = Release|Any CPU
		{0B4016D2-12C3-42D2-BF6C-7B47EF61D3B7}.Release|x86.ActiveCfg = Release|Any CPU
		{0B4016D2-12C3-42D2-BF6C-7B47EF61D3B7}.Release|x86.Build.0 = Release|Any CPU
	EndGlobalSection
EndGlobal
